
Microsoft Visual Studio Solution File, Format Version 12.00
# Visual Studio Version 17
VisualStudioVersion = 17.9.34607.119
MinimumVisualStudioVersion = 10.0.40219.1
Project("{2150E333-8FDC-42A3-9474-1A3956D46DE8}") = "Dependencies", "Dependencies", "{0AB935FE-8E46-43C9-9C67-7F6BD025C73C}"
EndProject
Project("{9A19103F-16F7-4668-BE54-9A1E7A4F7556}") = "Ribbons", "..\Ribbons\Ribbons\Ribbons.csproj", "{856F1907-6252-4B41-BA1E-C5532DF4C90E}"
EndProject
Project("{9A19103F-16F7-4668-BE54-9A1E7A4F7556}") = "Ribbons.Data", "..\Ribbons\Ribbons.Data\Ribbons.Data.csproj", "{357D2EFF-0AAF-4CEC-A588-A575A4769D1D}"
EndProject
Project("{9A19103F-16F7-4668-BE54-9A1E7A4F7556}") = "Ribbons.Users", "..\Ribbons\Ribbons.Users\Ribbons.Users.csproj", "{1B8E96E7-251A-4815-A465-F7F28704C5DC}"
EndProject
Project("{9A19103F-16F7-4668-BE54-9A1E7A4F7556}") = "Ribbons.Loyalty.Data", "Ribbons.Loyalty.Data\Ribbons.Loyalty.Data.csproj", "{ED0C8511-2390-4639-AA30-23954010C0D1}"
EndProject
Project("{2150E333-8FDC-42A3-9474-1A3956D46DE8}") = "Solution Items", "Solution Items", "{8905210F-D28C-4757-B5F7-EF82EDD04AE7}"
	ProjectSection(SolutionItems) = preProject
		.editorconfig = .editorconfig
	EndProjectSection
EndProject
Project("{9A19103F-16F7-4668-BE54-9A1E7A4F7556}") = "Ribbons.Loyalty.Services", "Ribbons.Loyalty.Services\Ribbons.Loyalty.Services.csproj", "{D8A2C1E2-A2B5-49A7-8BBF-FCAB41D064F7}"
EndProject
Project("{9A19103F-16F7-4668-BE54-9A1E7A4F7556}") = "Ribbons.Loyalty.Web.AdminControlPanel", "Ribbons.Loyalty.Web.AdminControlPanel\Ribbons.Loyalty.Web.AdminControlPanel.csproj", "{E6BC752B-3485-4BEB-9624-A69E322499A4}"
EndProject
Project("{FAE04EC0-301F-11D3-BF4B-00C04F79EFBC}") = "Ribbons.Loyalty.Web", "Ribbons.Loyalty.Web\Ribbons.Loyalty.Web.csproj", "{65093B3E-CB03-43ED-B228-39C0E25EB189}"
EndProject
Project("{FAE04EC0-301F-11D3-BF4B-00C04F79EFBC}") = "Ribbons.Loyalty.TestConsole", "Ribbons.Loyalty.TestConsole\Ribbons.Loyalty.TestConsole.csproj", "{142CC70F-913E-475B-A294-E1347162A001}"
EndProject
Global
	GlobalSection(SolutionConfigurationPlatforms) = preSolution
		Debug|Any CPU = Debug|Any CPU
		Release|Any CPU = Release|Any CPU
	EndGlobalSection
	GlobalSection(ProjectConfigurationPlatforms) = postSolution
		{856F1907-6252-4B41-BA1E-C5532DF4C90E}.Debug|Any CPU.ActiveCfg = Debug|Any CPU
		{856F1907-6252-4B41-BA1E-C5532DF4C90E}.Debug|Any CPU.Build.0 = Debug|Any CPU
		{856F1907-6252-4B41-BA1E-C5532DF4C90E}.Release|Any CPU.ActiveCfg = Release|Any CPU
		{856F1907-6252-4B41-BA1E-C5532DF4C90E}.Release|Any CPU.Build.0 = Release|Any CPU
		{357D2EFF-0AAF-4CEC-A588-A575A4769D1D}.Debug|Any CPU.ActiveCfg = Debug|Any CPU
		{357D2EFF-0AAF-4CEC-A588-A575A4769D1D}.Debug|Any CPU.Build.0 = Debug|Any CPU
		{357D2EFF-0AAF-4CEC-A588-A575A4769D1D}.Release|Any CPU.ActiveCfg = Release|Any CPU
		{357D2EFF-0AAF-4CEC-A588-A575A4769D1D}.Release|Any CPU.Build.0 = Release|Any CPU
		{1B8E96E7-251A-4815-A465-F7F28704C5DC}.Debug|Any CPU.ActiveCfg = Debug|Any CPU
		{1B8E96E7-251A-4815-A465-F7F28704C5DC}.Debug|Any CPU.Build.0 = Debug|Any CPU
		{1B8E96E7-251A-4815-A465-F7F28704C5DC}.Release|Any CPU.ActiveCfg = Release|Any CPU
		{1B8E96E7-251A-4815-A465-F7F28704C5DC}.Release|Any CPU.Build.0 = Release|Any CPU
		{ED0C8511-2390-4639-AA30-23954010C0D1}.Debug|Any CPU.ActiveCfg = Debug|Any CPU
		{ED0C8511-2390-4639-AA30-23954010C0D1}.Debug|Any CPU.Build.0 = Debug|Any CPU
		{ED0C8511-2390-4639-AA30-23954010C0D1}.Release|Any CPU.ActiveCfg = Release|Any CPU
		{ED0C8511-2390-4639-AA30-23954010C0D1}.Release|Any CPU.Build.0 = Release|Any CPU
		{D8A2C1E2-A2B5-49A7-8BBF-FCAB41D064F7}.Debug|Any CPU.ActiveCfg = Debug|Any CPU
		{D8A2C1E2-A2B5-49A7-8BBF-FCAB41D064F7}.Debug|Any CPU.Build.0 = Debug|Any CPU
		{D8A2C1E2-A2B5-49A7-8BBF-FCAB41D064F7}.Release|Any CPU.ActiveCfg = Release|Any CPU
		{D8A2C1E2-A2B5-49A7-8BBF-FCAB41D064F7}.Release|Any CPU.Build.0 = Release|Any CPU
		{E6BC752B-3485-4BEB-9624-A69E322499A4}.Debug|Any CPU.ActiveCfg = Debug|Any CPU
		{E6BC752B-3485-4BEB-9624-A69E322499A4}.Debug|Any CPU.Build.0 = Debug|Any CPU
		{E6BC752B-3485-4BEB-9624-A69E322499A4}.Release|Any CPU.ActiveCfg = Release|Any CPU
		{E6BC752B-3485-4BEB-9624-A69E322499A4}.Release|Any CPU.Build.0 = Release|Any CPU
		{65093B3E-CB03-43ED-B228-39C0E25EB189}.Debug|Any CPU.ActiveCfg = Debug|Any CPU
		{65093B3E-CB03-43ED-B228-39C0E25EB189}.Debug|Any CPU.Build.0 = Debug|Any CPU
		{65093B3E-CB03-43ED-B228-39C0E25EB189}.Release|Any CPU.ActiveCfg = Release|Any CPU
		{65093B3E-CB03-43ED-B228-39C0E25EB189}.Release|Any CPU.Build.0 = Release|Any CPU
		{142CC70F-913E-475B-A294-E1347162A001}.Debug|Any CPU.ActiveCfg = Debug|Any CPU
		{142CC70F-913E-475B-A294-E1347162A001}.Debug|Any CPU.Build.0 = Debug|Any CPU
		{142CC70F-913E-475B-A294-E1347162A001}.Release|Any CPU.ActiveCfg = Release|Any CPU
		{142CC70F-913E-475B-A294-E1347162A001}.Release|Any CPU.Build.0 = Release|Any CPU
	EndGlobalSection
	GlobalSection(SolutionProperties) = preSolution
		HideSolutionNode = FALSE
	EndGlobalSection
	GlobalSection(NestedProjects) = preSolution
		{856F1907-6252-4B41-BA1E-C5532DF4C90E} = {0AB935FE-8E46-43C9-9C67-7F6BD025C73C}
		{357D2EFF-0AAF-4CEC-A588-A575A4769D1D} = {0AB935FE-8E46-43C9-9C67-7F6BD025C73C}
		{1B8E96E7-251A-4815-A465-F7F28704C5DC} = {0AB935FE-8E46-43C9-9C67-7F6BD025C73C}
	EndGlobalSection
	GlobalSection(ExtensibilityGlobals) = postSolution
		SolutionGuid = {633B113D-56A6-4298-B9D7-47B2B2A3E049}
	EndGlobalSection
EndGlobal
